
Microsoft Visual Studio Solution File, Format Version 12.00
# Visual Studio Version 17
VisualStudioVersion = 17.3.32929.385
MinimumVisualStudioVersion = 10.0.40219.1
Project("{FAE04EC0-301F-11D3-BF4B-00C04F79EFBC}") = "AuthPractice", "AuthPractice\AuthPractice.csproj", "{30E591AC-016D-4CAD-9F84-A13E1D0FC203}"
EndProject
Global
	GlobalSection(SolutionConfigurationPlatforms) = preSolution
		Debug|Any CPU = Debug|Any CPU
		Release|Any CPU = Release|Any CPU
	EndGlobalSection
	GlobalSection(ProjectConfigurationPlatforms) = postSolution
		{30E591AC-016D-4CAD-9F84-A13E1D0FC203}.Debug|Any CPU.ActiveCfg = Debug|Any CPU
		{30E591AC-016D-4CAD-9F84-A13E1D0FC203}.Debug|Any CPU.Build.0 = Debug|Any CPU
		{30E591AC-016D-4CAD-9F84-A13E1D0FC203}.Release|Any CPU.ActiveCfg = Release|Any CPU
		{30E591AC-016D-4CAD-9F84-A13E1D0FC203}.Release|Any CPU.Build.0 = Release|Any CPU
	EndGlobalSection
	GlobalSection(SolutionProperties) = preSolution
		HideSolutionNode = FALSE
	EndGlobalSection
	GlobalSection(ExtensibilityGlobals) = postSolution
		SolutionGuid = {5DDED0D3-1018-472C-AF8E-666FD3FA4693}
	EndGlobalSection
EndGlobal
