
Microsoft Visual Studio Solution File, Format Version 12.00
# Visual Studio Version 17
VisualStudioVersion = 17.3.32929.385
MinimumVisualStudioVersion = 10.0.40219.1
Project("{FAE04EC0-301F-11D3-BF4B-00C04F79EFBC}") = "EntityDBDemo", "EntityDBDemo\EntityDBDemo.csproj", "{381F2897-A5C1-4DA8-8954-2D73639C41CD}"
EndProject
Global
	GlobalSection(SolutionConfigurationPlatforms) = preSolution
		Debug|Any CPU = Debug|Any CPU
		Release|Any CPU = Release|Any CPU
	EndGlobalSection
	GlobalSection(ProjectConfigurationPlatforms) = postSolution
		{381F2897-A5C1-4DA8-8954-2D73639C41CD}.Debug|Any CPU.ActiveCfg = Debug|Any CPU
		{381F2897-A5C1-4DA8-8954-2D73639C41CD}.Debug|Any CPU.Build.0 = Debug|Any CPU
		{381F2897-A5C1-4DA8-8954-2D73639C41CD}.Release|Any CPU.ActiveCfg = Release|Any CPU
		{381F2897-A5C1-4DA8-8954-2D73639C41CD}.Release|Any CPU.Build.0 = Release|Any CPU
	EndGlobalSection
	GlobalSection(SolutionProperties) = preSolution
		HideSolutionNode = FALSE
	EndGlobalSection
	GlobalSection(ExtensibilityGlobals) = postSolution
		SolutionGuid = {19A51EA5-857F-46B8-B9BD-16B141B96FAA}
	EndGlobalSection
EndGlobal
